
Microsoft Visual Studio Solution File, Format Version 12.00
# Visual Studio Version 16
VisualStudioVersion = 16.0.29403.142
MinimumVisualStudioVersion = 10.0.40219.1
Project("{FAE04EC0-301F-11D3-BF4B-00C04F79EFBC}") = "PojazdyLib", "PojazdyLib\PojazdyLib.csproj", "{22067170-FCC9-436C-8999-F5A1B7B113DC}"
EndProject
Global
	GlobalSection(SolutionConfigurationPlatforms) = preSolution
		Debug|Any CPU = Debug|Any CPU
		Release|Any CPU = Release|Any CPU
	EndGlobalSection
	GlobalSection(ProjectConfigurationPlatforms) = postSolution
		{22067170-FCC9-436C-8999-F5A1B7B113DC}.Debug|Any CPU.ActiveCfg = Debug|Any CPU
		{22067170-FCC9-436C-8999-F5A1B7B113DC}.Debug|Any CPU.Build.0 = Debug|Any CPU
		{22067170-FCC9-436C-8999-F5A1B7B113DC}.Release|Any CPU.ActiveCfg = Release|Any CPU
		{22067170-FCC9-436C-8999-F5A1B7B113DC}.Release|Any CPU.Build.0 = Release|Any CPU
	EndGlobalSection
	GlobalSection(SolutionProperties) = preSolution
		HideSolutionNode = FALSE
	EndGlobalSection
	GlobalSection(ExtensibilityGlobals) = postSolution
		SolutionGuid = {5C6C8EB0-9B29-449D-8C53-959410419B54}
	EndGlobalSection
EndGlobal
