
Microsoft Visual Studio Solution File, Format Version 12.00
# Visual Studio Version 16
VisualStudioVersion = 16.0.29403.142
MinimumVisualStudioVersion = 10.0.40219.1
Project("{FAE04EC0-301F-11D3-BF4B-00C04F79EFBC}") = "Pojazdy", "Pojazdy\Pojazdy.csproj", "{C6828DA1-B41D-4723-9DB5-DBC22A0C265F}"
EndProject
Project("{FAE04EC0-301F-11D3-BF4B-00C04F79EFBC}") = "PojazdyLib", "PojazdyLib\PojazdyLib.csproj", "{D339E43D-A6D4-4EE2-B472-7199981D61BB}"
EndProject
Global
	GlobalSection(SolutionConfigurationPlatforms) = preSolution
		Debug|Any CPU = Debug|Any CPU
		Release|Any CPU = Release|Any CPU
	EndGlobalSection
	GlobalSection(ProjectConfigurationPlatforms) = postSolution
		{C6828DA1-B41D-4723-9DB5-DBC22A0C265F}.Debug|Any CPU.ActiveCfg = Debug|Any CPU
		{C6828DA1-B41D-4723-9DB5-DBC22A0C265F}.Debug|Any CPU.Build.0 = Debug|Any CPU
		{C6828DA1-B41D-4723-9DB5-DBC22A0C265F}.Release|Any CPU.ActiveCfg = Release|Any CPU
		{C6828DA1-B41D-4723-9DB5-DBC22A0C265F}.Release|Any CPU.Build.0 = Release|Any CPU
		{D339E43D-A6D4-4EE2-B472-7199981D61BB}.Debug|Any CPU.ActiveCfg = Debug|Any CPU
		{D339E43D-A6D4-4EE2-B472-7199981D61BB}.Debug|Any CPU.Build.0 = Debug|Any CPU
		{D339E43D-A6D4-4EE2-B472-7199981D61BB}.Release|Any CPU.ActiveCfg = Release|Any CPU
		{D339E43D-A6D4-4EE2-B472-7199981D61BB}.Release|Any CPU.Build.0 = Release|Any CPU
	EndGlobalSection
	GlobalSection(SolutionProperties) = preSolution
		HideSolutionNode = FALSE
	EndGlobalSection
	GlobalSection(ExtensibilityGlobals) = postSolution
		SolutionGuid = {0362BC6C-0CB3-460E-90D3-F4DBA57C122D}
	EndGlobalSection
EndGlobal
